
Microsoft Visual Studio Solution File, Format Version 12.00
# Visual Studio 15
VisualStudioVersion = 15.0.28010.2046
MinimumVisualStudioVersion = 10.0.40219.1
Project("{FAE04EC0-301F-11D3-BF4B-00C04F79EFBC}") = "MST", "MST\MST.csproj", "{602C6B9A-59AA-487A-8F4D-741A59D27C04}"
EndProject
Global
	GlobalSection(SolutionConfigurationPlatforms) = preSolution
		Debug|Any CPU = Debug|Any CPU
		Release|Any CPU = Release|Any CPU
	EndGlobalSection
	GlobalSection(ProjectConfigurationPlatforms) = postSolution
		{602C6B9A-59AA-487A-8F4D-741A59D27C04}.Debug|Any CPU.ActiveCfg = Debug|Any CPU
		{602C6B9A-59AA-487A-8F4D-741A59D27C04}.Debug|Any CPU.Build.0 = Debug|Any CPU
		{602C6B9A-59AA-487A-8F4D-741A59D27C04}.Release|Any CPU.ActiveCfg = Release|Any CPU
		{602C6B9A-59AA-487A-8F4D-741A59D27C04}.Release|Any CPU.Build.0 = Release|Any CPU
	EndGlobalSection
	GlobalSection(SolutionProperties) = preSolution
		HideSolutionNode = FALSE
	EndGlobalSection
	GlobalSection(ExtensibilityGlobals) = postSolution
		SolutionGuid = {EEB6EBD9-B00C-407D-A9E3-C27DB6340D5C}
	EndGlobalSection
EndGlobal
